
Microsoft Visual Studio Solution File, Format Version 12.00
# Visual Studio 15
VisualStudioVersion = 15.0.28307.1209
MinimumVisualStudioVersion = 10.0.40219.1
Project("{8BC9CEB8-8B4A-11D0-8D11-00A0C91BC942}") = "云备份", "云备份\云备份.vcxproj", "{7E40A01A-8C52-48EF-9662-26C04F59E999}"
EndProject
Global
	GlobalSection(SolutionConfigurationPlatforms) = preSolution
		Debug|x64 = Debug|x64
		Debug|x86 = Debug|x86
		Release|x64 = Release|x64
		Release|x86 = Release|x86
	EndGlobalSection
	GlobalSection(ProjectConfigurationPlatforms) = postSolution
		{7E40A01A-8C52-48EF-9662-26C04F59E999}.Debug|x64.ActiveCfg = Debug|x64
		{7E40A01A-8C52-48EF-9662-26C04F59E999}.Debug|x64.Build.0 = Debug|x64
		{7E40A01A-8C52-48EF-9662-26C04F59E999}.Debug|x86.ActiveCfg = Debug|Win32
		{7E40A01A-8C52-48EF-9662-26C04F59E999}.Debug|x86.Build.0 = Debug|Win32
		{7E40A01A-8C52-48EF-9662-26C04F59E999}.Release|x64.ActiveCfg = Release|x64
		{7E40A01A-8C52-48EF-9662-26C04F59E999}.Release|x64.Build.0 = Release|x64
		{7E40A01A-8C52-48EF-9662-26C04F59E999}.Release|x86.ActiveCfg = Release|Win32
		{7E40A01A-8C52-48EF-9662-26C04F59E999}.Release|x86.Build.0 = Release|Win32
	EndGlobalSection
	GlobalSection(SolutionProperties) = preSolution
		HideSolutionNode = FALSE
	EndGlobalSection
	GlobalSection(ExtensibilityGlobals) = postSolution
		SolutionGuid = {B805BD29-18AD-45A3-A50B-4F2D7FFB3F4A}
	EndGlobalSection
EndGlobal
