
Microsoft Visual Studio Solution File, Format Version 12.00
# Visual Studio 15
VisualStudioVersion = 15.0.28307.1209
MinimumVisualStudioVersion = 10.0.40219.1
Project("{8BC9CEB8-8B4A-11D0-8D11-00A0C91BC942}") = "西山居", "西山居\西山居.vcxproj", "{532B8191-3327-4F80-9522-1733DC195920}"
EndProject
Global
	GlobalSection(SolutionConfigurationPlatforms) = preSolution
		Debug|x64 = Debug|x64
		Debug|x86 = Debug|x86
		Release|x64 = Release|x64
		Release|x86 = Release|x86
	EndGlobalSection
	GlobalSection(ProjectConfigurationPlatforms) = postSolution
		{532B8191-3327-4F80-9522-1733DC195920}.Debug|x64.ActiveCfg = Debug|x64
		{532B8191-3327-4F80-9522-1733DC195920}.Debug|x64.Build.0 = Debug|x64
		{532B8191-3327-4F80-9522-1733DC195920}.Debug|x86.ActiveCfg = Debug|Win32
		{532B8191-3327-4F80-9522-1733DC195920}.Debug|x86.Build.0 = Debug|Win32
		{532B8191-3327-4F80-9522-1733DC195920}.Release|x64.ActiveCfg = Release|x64
		{532B8191-3327-4F80-9522-1733DC195920}.Release|x64.Build.0 = Release|x64
		{532B8191-3327-4F80-9522-1733DC195920}.Release|x86.ActiveCfg = Release|Win32
		{532B8191-3327-4F80-9522-1733DC195920}.Release|x86.Build.0 = Release|Win32
	EndGlobalSection
	GlobalSection(SolutionProperties) = preSolution
		HideSolutionNode = FALSE
	EndGlobalSection
	GlobalSection(ExtensibilityGlobals) = postSolution
		SolutionGuid = {B54504F2-B282-400C-A3B4-E35303146876}
	EndGlobalSection
EndGlobal
