
Microsoft Visual Studio Solution File, Format Version 12.00
# Visual Studio 2013
VisualStudioVersion = 12.0.21005.1
MinimumVisualStudioVersion = 10.0.40219.1
Project("{8BC9CEB8-8B4A-11D0-8D11-00A0C91BC942}") = "再理解类与对象", "再理解类与对象\再理解类与对象.vcxproj", "{8968B9B8-C63F-4BC0-9D6C-E41BC52924FE}"
EndProject
Global
	GlobalSection(SolutionConfigurationPlatforms) = preSolution
		Debug|Win32 = Debug|Win32
		Release|Win32 = Release|Win32
	EndGlobalSection
	GlobalSection(ProjectConfigurationPlatforms) = postSolution
		{8968B9B8-C63F-4BC0-9D6C-E41BC52924FE}.Debug|Win32.ActiveCfg = Debug|Win32
		{8968B9B8-C63F-4BC0-9D6C-E41BC52924FE}.Debug|Win32.Build.0 = Debug|Win32
		{8968B9B8-C63F-4BC0-9D6C-E41BC52924FE}.Release|Win32.ActiveCfg = Release|Win32
		{8968B9B8-C63F-4BC0-9D6C-E41BC52924FE}.Release|Win32.Build.0 = Release|Win32
	EndGlobalSection
	GlobalSection(SolutionProperties) = preSolution
		HideSolutionNode = FALSE
	EndGlobalSection
EndGlobal
