
Microsoft Visual Studio Solution File, Format Version 12.00
# Visual Studio 15
VisualStudioVersion = 15.0.28307.1209
MinimumVisualStudioVersion = 10.0.40219.1
Project("{8BC9CEB8-8B4A-11D0-8D11-00A0C91BC942}") = "完美对", "完美对\完美对.vcxproj", "{D8190CBA-D07A-440D-BD2B-48A86B52EE0B}"
EndProject
Global
	GlobalSection(SolutionConfigurationPlatforms) = preSolution
		Debug|x64 = Debug|x64
		Debug|x86 = Debug|x86
		Release|x64 = Release|x64
		Release|x86 = Release|x86
	EndGlobalSection
	GlobalSection(ProjectConfigurationPlatforms) = postSolution
		{D8190CBA-D07A-440D-BD2B-48A86B52EE0B}.Debug|x64.ActiveCfg = Debug|x64
		{D8190CBA-D07A-440D-BD2B-48A86B52EE0B}.Debug|x64.Build.0 = Debug|x64
		{D8190CBA-D07A-440D-BD2B-48A86B52EE0B}.Debug|x86.ActiveCfg = Debug|Win32
		{D8190CBA-D07A-440D-BD2B-48A86B52EE0B}.Debug|x86.Build.0 = Debug|Win32
		{D8190CBA-D07A-440D-BD2B-48A86B52EE0B}.Release|x64.ActiveCfg = Release|x64
		{D8190CBA-D07A-440D-BD2B-48A86B52EE0B}.Release|x64.Build.0 = Release|x64
		{D8190CBA-D07A-440D-BD2B-48A86B52EE0B}.Release|x86.ActiveCfg = Release|Win32
		{D8190CBA-D07A-440D-BD2B-48A86B52EE0B}.Release|x86.Build.0 = Release|Win32
	EndGlobalSection
	GlobalSection(SolutionProperties) = preSolution
		HideSolutionNode = FALSE
	EndGlobalSection
	GlobalSection(ExtensibilityGlobals) = postSolution
		SolutionGuid = {0EA84F59-CD6C-40ED-AF5E-B74AC4A3654F}
	EndGlobalSection
EndGlobal
