
Microsoft Visual Studio Solution File, Format Version 12.00
# Visual Studio 2013
VisualStudioVersion = 12.0.21005.1
MinimumVisualStudioVersion = 10.0.40219.1
Project("{8BC9CEB8-8B4A-11D0-8D11-00A0C91BC942}") = "时间复杂度和空间复杂度", "时间复杂度和空间复杂度\时间复杂度和空间复杂度.vcxproj", "{809A0C39-1754-41DE-8E80-75C0D88A21D7}"
EndProject
Project("{8BC9CEB8-8B4A-11D0-8D11-00A0C91BC942}") = "时间复杂度", "时间复杂度\时间复杂度.vcxproj", "{CF00FAE4-2921-455F-8D4C-D89C3ACE63C8}"
EndProject
Project("{8BC9CEB8-8B4A-11D0-8D11-00A0C91BC942}") = "空间复杂度", "空间复杂度\空间复杂度.vcxproj", "{A3F80E6C-2868-498D-953D-047738C21FB3}"
EndProject
Global
	GlobalSection(SolutionConfigurationPlatforms) = preSolution
		Debug|Win32 = Debug|Win32
		Release|Win32 = Release|Win32
	EndGlobalSection
	GlobalSection(ProjectConfigurationPlatforms) = postSolution
		{809A0C39-1754-41DE-8E80-75C0D88A21D7}.Debug|Win32.ActiveCfg = Debug|Win32
		{809A0C39-1754-41DE-8E80-75C0D88A21D7}.Debug|Win32.Build.0 = Debug|Win32
		{809A0C39-1754-41DE-8E80-75C0D88A21D7}.Release|Win32.ActiveCfg = Release|Win32
		{809A0C39-1754-41DE-8E80-75C0D88A21D7}.Release|Win32.Build.0 = Release|Win32
		{CF00FAE4-2921-455F-8D4C-D89C3ACE63C8}.Debug|Win32.ActiveCfg = Debug|Win32
		{CF00FAE4-2921-455F-8D4C-D89C3ACE63C8}.Debug|Win32.Build.0 = Debug|Win32
		{CF00FAE4-2921-455F-8D4C-D89C3ACE63C8}.Release|Win32.ActiveCfg = Release|Win32
		{CF00FAE4-2921-455F-8D4C-D89C3ACE63C8}.Release|Win32.Build.0 = Release|Win32
		{A3F80E6C-2868-498D-953D-047738C21FB3}.Debug|Win32.ActiveCfg = Debug|Win32
		{A3F80E6C-2868-498D-953D-047738C21FB3}.Debug|Win32.Build.0 = Debug|Win32
		{A3F80E6C-2868-498D-953D-047738C21FB3}.Release|Win32.ActiveCfg = Release|Win32
		{A3F80E6C-2868-498D-953D-047738C21FB3}.Release|Win32.Build.0 = Release|Win32
	EndGlobalSection
	GlobalSection(SolutionProperties) = preSolution
		HideSolutionNode = FALSE
	EndGlobalSection
EndGlobal
