
Microsoft Visual Studio Solution File, Format Version 12.00
# Visual Studio 15
VisualStudioVersion = 15.0.28307.1209
MinimumVisualStudioVersion = 10.0.40219.1
Project("{8BC9CEB8-8B4A-11D0-8D11-00A0C91BC942}") = "京东", "京东\京东.vcxproj", "{E131AAA6-30DC-439C-99DE-5F81E278CB7C}"
EndProject
Global
	GlobalSection(SolutionConfigurationPlatforms) = preSolution
		Debug|x64 = Debug|x64
		Debug|x86 = Debug|x86
		Release|x64 = Release|x64
		Release|x86 = Release|x86
	EndGlobalSection
	GlobalSection(ProjectConfigurationPlatforms) = postSolution
		{E131AAA6-30DC-439C-99DE-5F81E278CB7C}.Debug|x64.ActiveCfg = Debug|x64
		{E131AAA6-30DC-439C-99DE-5F81E278CB7C}.Debug|x64.Build.0 = Debug|x64
		{E131AAA6-30DC-439C-99DE-5F81E278CB7C}.Debug|x86.ActiveCfg = Debug|Win32
		{E131AAA6-30DC-439C-99DE-5F81E278CB7C}.Debug|x86.Build.0 = Debug|Win32
		{E131AAA6-30DC-439C-99DE-5F81E278CB7C}.Release|x64.ActiveCfg = Release|x64
		{E131AAA6-30DC-439C-99DE-5F81E278CB7C}.Release|x64.Build.0 = Release|x64
		{E131AAA6-30DC-439C-99DE-5F81E278CB7C}.Release|x86.ActiveCfg = Release|Win32
		{E131AAA6-30DC-439C-99DE-5F81E278CB7C}.Release|x86.Build.0 = Release|Win32
	EndGlobalSection
	GlobalSection(SolutionProperties) = preSolution
		HideSolutionNode = FALSE
	EndGlobalSection
	GlobalSection(ExtensibilityGlobals) = postSolution
		SolutionGuid = {8DD4E661-F9A6-41BB-9B9A-A36F41212D02}
	EndGlobalSection
EndGlobal
