<?xml version="1.0" encoding="utf-8"?>
<Project ToolsVersion="4.0" xmlns="http://schemas.microsoft.com/developer/msbuild/2003">
  <ItemGroup>
    <Filter Include="源文件">
      <UniqueIdentifier>{4FC737F1-C7A5-4376-A066-2A32D752A2FF}</UniqueIdentifier>
      <Extensions>cpp;c;cc;cxx;def;odl;idl;hpj;bat;asm;asmx</Extensions>
    </Filter>
    <Filter Include="头文件">
      <UniqueIdentifier>{93995380-89BD-4b04-88EB-625FBE52EBFB}</UniqueIdentifier>
      <Extensions>h;hh;hpp;hxx;hm;inl;inc;xsd</Extensions>
    </Filter>
    <Filter Include="资源文件">
      <UniqueIdentifier>{67DA6AB6-F800-4c08-8B7A-83BB121AAD01}</UniqueIdentifier>
      <Extensions>rc;ico;cur;bmp;dlg;rc2;rct;bin;rgs;gif;jpg;jpeg;jpe;resx;tiff;tif;png;wav;mfcribbon-ms</Extensions>
    </Filter>
  </ItemGroup>
  <ItemGroup>
    <ClCompile Include="1操作实现两个数的交换.c">
      <Filter>源文件</Filter>
    </ClCompile>
    <ClCompile Include="2求一个整数在内存中二进制中1的个数.c">
      <Filter>源文件</Filter>
    </ClCompile>
    <ClCompile Include="3单目操作符演示.c">
      <Filter>源文件</Filter>
    </ClCompile>
    <ClCompile Include="4sizeof和数组.c">
      <Filter>源文件</Filter>
    </ClCompile>
    <ClCompile Include="5++和--运算符.c">
      <Filter>源文件</Filter>
    </ClCompile>
    <ClCompile Include="6测试.c">
      <Filter>源文件</Filter>
    </ClCompile>
    <ClCompile Include="7三目运算符.c">
      <Filter>源文件</Filter>
    </ClCompile>
    <ClCompile Include="8逗号表达式.c">
      <Filter>源文件</Filter>
    </ClCompile>
    <ClCompile Include="9下标引用函数调用和结构成员.c">
      <Filter>源文件</Filter>
    </ClCompile>
    <ClCompile Include="10整形提升.c">
      <Filter>源文件</Filter>
    </ClCompile>
  </ItemGroup>
</Project>