
Microsoft Visual Studio Solution File, Format Version 12.00
# Visual Studio 15
VisualStudioVersion = 15.0.28307.1209
MinimumVisualStudioVersion = 10.0.40219.1
Project("{8BC9CEB8-8B4A-11D0-8D11-00A0C91BC942}") = "穿越沙漠", "穿越沙漠\穿越沙漠.vcxproj", "{8174B7B4-5248-49FF-AD13-A79EB413C0F9}"
EndProject
Global
	GlobalSection(SolutionConfigurationPlatforms) = preSolution
		Debug|x64 = Debug|x64
		Debug|x86 = Debug|x86
		Release|x64 = Release|x64
		Release|x86 = Release|x86
	EndGlobalSection
	GlobalSection(ProjectConfigurationPlatforms) = postSolution
		{8174B7B4-5248-49FF-AD13-A79EB413C0F9}.Debug|x64.ActiveCfg = Debug|x64
		{8174B7B4-5248-49FF-AD13-A79EB413C0F9}.Debug|x64.Build.0 = Debug|x64
		{8174B7B4-5248-49FF-AD13-A79EB413C0F9}.Debug|x86.ActiveCfg = Debug|Win32
		{8174B7B4-5248-49FF-AD13-A79EB413C0F9}.Debug|x86.Build.0 = Debug|Win32
		{8174B7B4-5248-49FF-AD13-A79EB413C0F9}.Release|x64.ActiveCfg = Release|x64
		{8174B7B4-5248-49FF-AD13-A79EB413C0F9}.Release|x64.Build.0 = Release|x64
		{8174B7B4-5248-49FF-AD13-A79EB413C0F9}.Release|x86.ActiveCfg = Release|Win32
		{8174B7B4-5248-49FF-AD13-A79EB413C0F9}.Release|x86.Build.0 = Release|Win32
	EndGlobalSection
	GlobalSection(SolutionProperties) = preSolution
		HideSolutionNode = FALSE
	EndGlobalSection
	GlobalSection(ExtensibilityGlobals) = postSolution
		SolutionGuid = {914A8961-3EC1-46AA-B862-FDF16E1E4C04}
	EndGlobalSection
EndGlobal
