
Microsoft Visual Studio Solution File, Format Version 12.00
# Visual Studio 15
VisualStudioVersion = 15.0.28307.1209
MinimumVisualStudioVersion = 10.0.40219.1
Project("{8BC9CEB8-8B4A-11D0-8D11-00A0C91BC942}") = "趋势科技", "趋势科技\趋势科技.vcxproj", "{79C0B52D-4964-433A-928C-7D497EEFD364}"
EndProject
Global
	GlobalSection(SolutionConfigurationPlatforms) = preSolution
		Debug|x64 = Debug|x64
		Debug|x86 = Debug|x86
		Release|x64 = Release|x64
		Release|x86 = Release|x86
	EndGlobalSection
	GlobalSection(ProjectConfigurationPlatforms) = postSolution
		{79C0B52D-4964-433A-928C-7D497EEFD364}.Debug|x64.ActiveCfg = Debug|x64
		{79C0B52D-4964-433A-928C-7D497EEFD364}.Debug|x64.Build.0 = Debug|x64
		{79C0B52D-4964-433A-928C-7D497EEFD364}.Debug|x86.ActiveCfg = Debug|Win32
		{79C0B52D-4964-433A-928C-7D497EEFD364}.Debug|x86.Build.0 = Debug|Win32
		{79C0B52D-4964-433A-928C-7D497EEFD364}.Release|x64.ActiveCfg = Release|x64
		{79C0B52D-4964-433A-928C-7D497EEFD364}.Release|x64.Build.0 = Release|x64
		{79C0B52D-4964-433A-928C-7D497EEFD364}.Release|x86.ActiveCfg = Release|Win32
		{79C0B52D-4964-433A-928C-7D497EEFD364}.Release|x86.Build.0 = Release|Win32
	EndGlobalSection
	GlobalSection(SolutionProperties) = preSolution
		HideSolutionNode = FALSE
	EndGlobalSection
	GlobalSection(ExtensibilityGlobals) = postSolution
		SolutionGuid = {89CC4655-C1BD-428E-B45A-FBC452C76D91}
	EndGlobalSection
EndGlobal
