
Microsoft Visual Studio Solution File, Format Version 12.00
# Visual Studio 2013
VisualStudioVersion = 12.0.21005.1
MinimumVisualStudioVersion = 10.0.40219.1
Project("{8BC9CEB8-8B4A-11D0-8D11-00A0C91BC942}") = "最小路径和", "最小路径和\最小路径和.vcxproj", "{B83C8AF7-ACD6-4031-A392-E26551D5137F}"
EndProject
Global
	GlobalSection(SolutionConfigurationPlatforms) = preSolution
		Debug|Win32 = Debug|Win32
		Release|Win32 = Release|Win32
	EndGlobalSection
	GlobalSection(ProjectConfigurationPlatforms) = postSolution
		{B83C8AF7-ACD6-4031-A392-E26551D5137F}.Debug|Win32.ActiveCfg = Debug|Win32
		{B83C8AF7-ACD6-4031-A392-E26551D5137F}.Debug|Win32.Build.0 = Debug|Win32
		{B83C8AF7-ACD6-4031-A392-E26551D5137F}.Release|Win32.ActiveCfg = Release|Win32
		{B83C8AF7-ACD6-4031-A392-E26551D5137F}.Release|Win32.Build.0 = Release|Win32
	EndGlobalSection
	GlobalSection(SolutionProperties) = preSolution
		HideSolutionNode = FALSE
	EndGlobalSection
EndGlobal
